<?xml version="1.0" encoding="utf-8"?>
<Project ToolsVersion="4.0" xmlns="http://schemas.microsoft.com/developer/msbuild/2003">
  <ItemGroup>
    <Filter Include="Core">
      <UniqueIdentifier>{2EB4837C-1AEB-840D-C3D7-6A10AFED000F}</UniqueIdentifier>
    </Filter>
    <Filter Include="Core\Application">
      <UniqueIdentifier>{F1A4822F-DD9D-A181-06D0-8606F227818D}</UniqueIdentifier>
    </Filter>
    <Filter Include="Core\Debug">
      <UniqueIdentifier>{24A91BCD-1061-5D1A-7968-3676653FF80A}</UniqueIdentifier>
    </Filter>
    <Filter Include="Core\Entity">
      <UniqueIdentifier>{BA809273-2636-0B69-AF2A-05401BDF016D}</UniqueIdentifier>
    </Filter>
    <Filter Include="Core\Entity\CoreComponents">
      <UniqueIdentifier>{F8151C50-E425-C820-4DDF-2C3F390EB7B9}</UniqueIdentifier>
    </Filter>
    <Filter Include="Core\EventSystem">
      <UniqueIdentifier>{E4AE7F5F-D0A7-9EB1-F9D9-8336E5317EBD}</UniqueIdentifier>
    </Filter>
    <Filter Include="Core\Game">
      <UniqueIdentifier>{979ABC15-0305-718C-4C43-2232B8EC4EE1}</UniqueIdentifier>
    </Filter>
    <Filter Include="Core\Graphics">
      <UniqueIdentifier>{2E10C882-9AD0-43B9-630B-8D36CF8A8895}</UniqueIdentifier>
    </Filter>
    <Filter Include="Core\Math">
      <UniqueIdentifier>{C7E5BF15-3350-748C-7C8E-2532E83752E1}</UniqueIdentifier>
    </Filter>
    <Filter Include="Core\Platform">
      <UniqueIdentifier>{42848203-AE44-FE39-777F-47B7E3FE4216}</UniqueIdentifier>
    </Filter>
    <Filter Include="Core\Platform\Graphics">
      <UniqueIdentifier>{C23644AE-AE30-6D00-979D-03118336D36C}</UniqueIdentifier>
    </Filter>
    <Filter Include="Core\Platform\Graphics\DirectX11">
      <UniqueIdentifier>{06B308C2-F203-F403-1B68-E2C50718876D}</UniqueIdentifier>
    </Filter>
    <Filter Include="Core\Platform\Graphics\OpenGL">
      <UniqueIdentifier>{B671EB48-228A-D272-EB36-620C570E670C}</UniqueIdentifier>
    </Filter>
    <Filter Include="Core\Platform\Window">
      <UniqueIdentifier>{E9F28A8C-D581-1456-7EA0-28516A0E25FC}</UniqueIdentifier>
    </Filter>
    <Filter Include="Core\Platform\Window\Windows">
      <UniqueIdentifier>{2376ADA4-0F31-9D50-B8E8-159BA482E7E0}</UniqueIdentifier>
    </Filter>
    <Filter Include="Core\Resources">
      <UniqueIdentifier>{186BFE45-0439-F24B-EDCC-6272D939CEB0}</UniqueIdentifier>
    </Filter>
    <Filter Include="Core\Resources\Types">
      <UniqueIdentifier>{BC202F8F-A8AF-B858-51CE-CC533D3CC9FE}</UniqueIdentifier>
    </Filter>
    <Filter Include="Core\System">
      <UniqueIdentifier>{82670195-EE1C-7A8A-7711-7461E3C5708E}</UniqueIdentifier>
    </Filter>
    <Filter Include="Vendor">
      <UniqueIdentifier>{935FDCD7-7F01-07AE-68BC-1A0254FD8DFE}</UniqueIdentifier>
    </Filter>
    <Filter Include="Vendor\imgui">
      <UniqueIdentifier>{3D8F64D2-29F2-F376-D277-2C2DBEB9BFF9}</UniqueIdentifier>
    </Filter>
  </ItemGroup>
  <ItemGroup>
    <ClInclude Include="src\Core\Application\Application.h">
      <Filter>Core\Application</Filter>
    </ClInclude>
    <ClInclude Include="src\Core\Common.h">
      <Filter>Core</Filter>
    </ClInclude>
    <ClInclude Include="src\Core\Core.h">
      <Filter>Core</Filter>
    </ClInclude>
    <ClInclude Include="src\Core\Debug\DebugTimer.h">
      <Filter>Core\Debug</Filter>
    </ClInclude>
    <ClInclude Include="src\Core\Debug\Log.h">
      <Filter>Core\Debug</Filter>
    </ClInclude>
    <ClInclude Include="src\Core\Entity\Actor.h">
      <Filter>Core\Entity</Filter>
    </ClInclude>
    <ClInclude Include="src\Core\Entity\ComponentInstantiator.h">
      <Filter>Core\Entity</Filter>
    </ClInclude>
    <ClInclude Include="src\Core\Entity\ComponentList.h">
      <Filter>Core\Entity</Filter>
    </ClInclude>
    <ClInclude Include="src\Core\Entity\CoreComponents\CameraComponent.h">
      <Filter>Core\Entity\CoreComponents</Filter>
    </ClInclude>
    <ClInclude Include="src\Core\Entity\CoreComponents\MeshComponent.h">
      <Filter>Core\Entity\CoreComponents</Filter>
    </ClInclude>
    <ClInclude Include="src\Core\Entity\CoreComponents\TransformComponent.h">
      <Filter>Core\Entity\CoreComponents</Filter>
    </ClInclude>
    <ClInclude Include="src\Core\Entity\IComponent.h">
      <Filter>Core\Entity</Filter>
    </ClInclude>
    <ClInclude Include="src\Core\Entity\Scene.h">
      <Filter>Core\Entity</Filter>
    </ClInclude>
    <ClInclude Include="src\Core\Entity\SceneManager.h">
      <Filter>Core\Entity</Filter>
    </ClInclude>
    <ClInclude Include="src\Core\EventSystem\Event.h">
      <Filter>Core\EventSystem</Filter>
    </ClInclude>
    <ClInclude Include="src\Core\EventSystem\EventManager.h">
      <Filter>Core\EventSystem</Filter>
    </ClInclude>
    <ClInclude Include="src\Core\EventSystem\Events.h">
      <Filter>Core\EventSystem</Filter>
    </ClInclude>
    <ClInclude Include="src\Core\EventSystem\IEventListener.h">
      <Filter>Core\EventSystem</Filter>
    </ClInclude>
    <ClInclude Include="src\Core\Game\Game.h">
      <Filter>Core\Game</Filter>
    </ClInclude>
    <ClInclude Include="src\Core\Game\Input.h">
      <Filter>Core\Game</Filter>
    </ClInclude>
    <ClInclude Include="src\Core\Graphics\IRenderable.h">
      <Filter>Core\Graphics</Filter>
    </ClInclude>
    <ClInclude Include="src\Core\Graphics\Material.h">
      <Filter>Core\Graphics</Filter>
    </ClInclude>
    <ClInclude Include="src\Core\Graphics\Mesh.h">
      <Filter>Core\Graphics</Filter>
    </ClInclude>
    <ClInclude Include="src\Core\Graphics\MeshRenderer.h">
      <Filter>Core\Graphics</Filter>
    </ClInclude>
    <ClInclude Include="src\Core\Graphics\Renderer.h">
      <Filter>Core\Graphics</Filter>
    </ClInclude>
    <ClInclude Include="src\Core\Graphics\Vertex.h">
      <Filter>Core\Graphics</Filter>
    </ClInclude>
    <ClInclude Include="src\Core\Math\LilMath.h">
      <Filter>Core\Math</Filter>
    </ClInclude>
    <ClInclude Include="src\Core\Math\mat4.h">
      <Filter>Core\Math</Filter>
    </ClInclude>
    <ClInclude Include="src\Core\Math\vec3.h">
      <Filter>Core\Math</Filter>
    </ClInclude>
    <ClInclude Include="src\Core\Math\vec4.h">
      <Filter>Core\Math</Filter>
    </ClInclude>
    <ClInclude Include="src\Core\Platform\Graphics\DirectX11\DX11Graphics.h">
      <Filter>Core\Platform\Graphics\DirectX11</Filter>
    </ClInclude>
    <ClInclude Include="src\Core\Platform\Graphics\DirectX11\DX11Handles.h">
      <Filter>Core\Platform\Graphics\DirectX11</Filter>
    </ClInclude>
    <ClInclude Include="src\Core\Platform\Graphics\Handles.h">
      <Filter>Core\Platform\Graphics</Filter>
    </ClInclude>
    <ClInclude Include="src\Core\Platform\Graphics\IGraphics.h">
      <Filter>Core\Platform\Graphics</Filter>
    </ClInclude>
    <ClInclude Include="src\Core\Platform\Graphics\InputLayout.h">
      <Filter>Core\Platform\Graphics</Filter>
    </ClInclude>
    <ClInclude Include="src\Core\Platform\Graphics\OpenGL\GLGraphics.h">
      <Filter>Core\Platform\Graphics\OpenGL</Filter>
    </ClInclude>
    <ClInclude Include="src\Core\Platform\Graphics\OpenGL\GLHandles.h">
      <Filter>Core\Platform\Graphics\OpenGL</Filter>
    </ClInclude>
    <ClInclude Include="src\Core\Platform\Window\Keys.h">
      <Filter>Core\Platform\Window</Filter>
    </ClInclude>
    <ClInclude Include="src\Core\Platform\Window\MouseState.h">
      <Filter>Core\Platform\Window</Filter>
    </ClInclude>
    <ClInclude Include="src\Core\Platform\Window\Window.h">
      <Filter>Core\Platform\Window</Filter>
    </ClInclude>
    <ClInclude Include="src\Core\Platform\Window\Windows\WinWindow.h">
      <Filter>Core\Platform\Window\Windows</Filter>
    </ClInclude>
    <ClInclude Include="src\Core\Resources\IResource.h">
      <Filter>Core\Resources</Filter>
    </ClInclude>
    <ClInclude Include="src\Core\Resources\ResourceId.h">
      <Filter>Core\Resources</Filter>
    </ClInclude>
    <ClInclude Include="src\Core\Resources\ResourceManager.h">
      <Filter>Core\Resources</Filter>
    </ClInclude>
    <ClInclude Include="src\Core\Resources\Types\MaterialResource.h">
      <Filter>Core\Resources\Types</Filter>
    </ClInclude>
    <ClInclude Include="src\Core\Resources\Types\MeshResource.h">
      <Filter>Core\Resources\Types</Filter>
    </ClInclude>
    <ClInclude Include="src\Core\Resources\Types\ShaderResource.h">
      <Filter>Core\Resources\Types</Filter>
    </ClInclude>
    <ClInclude Include="src\Core\Resources\Types\TextureResource.h">
      <Filter>Core\Resources\Types</Filter>
    </ClInclude>
    <ClInclude Include="src\Core\System\ISerializable.h">
      <Filter>Core\System</Filter>
    </ClInclude>
    <ClInclude Include="src\Core\System\PoolAllocator.h">
      <Filter>Core\System</Filter>
    </ClInclude>
    <ClInclude Include="src\Core\System\StackAllocator.h">
      <Filter>Core\System</Filter>
    </ClInclude>
    <ClInclude Include="src\LilEngie.h" />
    <ClInclude Include="src\Vendor\imgui\imconfig.h">
      <Filter>Vendor\imgui</Filter>
    </ClInclude>
    <ClInclude Include="src\Vendor\imgui\imgui.h">
      <Filter>Vendor\imgui</Filter>
    </ClInclude>
    <ClInclude Include="src\Vendor\imgui\imgui_impl_dx11.h">
      <Filter>Vendor\imgui</Filter>
    </ClInclude>
    <ClInclude Include="src\Vendor\imgui\imgui_impl_opengl3.h">
      <Filter>Vendor\imgui</Filter>
    </ClInclude>
    <ClInclude Include="src\Vendor\imgui\imgui_impl_win32.h">
      <Filter>Vendor\imgui</Filter>
    </ClInclude>
    <ClInclude Include="src\Vendor\imgui\imgui_internal.h">
      <Filter>Vendor\imgui</Filter>
    </ClInclude>
    <ClInclude Include="src\Vendor\imgui\imstb_rectpack.h">
      <Filter>Vendor\imgui</Filter>
    </ClInclude>
    <ClInclude Include="src\Vendor\imgui\imstb_textedit.h">
      <Filter>Vendor\imgui</Filter>
    </ClInclude>
    <ClInclude Include="src\Vendor\imgui\imstb_truetype.h">
      <Filter>Vendor\imgui</Filter>
    </ClInclude>
  </ItemGroup>
  <ItemGroup>
    <ClCompile Include="src\Core\Application\Application.cpp">
      <Filter>Core\Application</Filter>
    </ClCompile>
    <ClCompile Include="src\Core\Debug\DebugTimer.cpp">
      <Filter>Core\Debug</Filter>
    </ClCompile>
    <ClCompile Include="src\Core\Debug\Log.cpp">
      <Filter>Core\Debug</Filter>
    </ClCompile>
    <ClCompile Include="src\Core\Entity\Actor.cpp">
      <Filter>Core\Entity</Filter>
    </ClCompile>
    <ClCompile Include="src\Core\Entity\CoreComponents\CameraComponent.cpp">
      <Filter>Core\Entity\CoreComponents</Filter>
    </ClCompile>
    <ClCompile Include="src\Core\Entity\CoreComponents\MeshComponent.cpp">
      <Filter>Core\Entity\CoreComponents</Filter>
    </ClCompile>
    <ClCompile Include="src\Core\Entity\CoreComponents\TransformComponent.cpp">
      <Filter>Core\Entity\CoreComponents</Filter>
    </ClCompile>
    <ClCompile Include="src\Core\Entity\IComponent.cpp">
      <Filter>Core\Entity</Filter>
    </ClCompile>
    <ClCompile Include="src\Core\Entity\Scene.cpp">
      <Filter>Core\Entity</Filter>
    </ClCompile>
    <ClCompile Include="src\Core\Entity\SceneManager.cpp">
      <Filter>Core\Entity</Filter>
    </ClCompile>
    <ClCompile Include="src\Core\EventSystem\EventManager.cpp">
      <Filter>Core\EventSystem</Filter>
    </ClCompile>
    <ClCompile Include="src\Core\EventSystem\IEventListener.cpp">
      <Filter>Core\EventSystem</Filter>
    </ClCompile>
    <ClCompile Include="src\Core\Game\Game.cpp">
      <Filter>Core\Game</Filter>
    </ClCompile>
    <ClCompile Include="src\Core\Game\Input.cpp">
      <Filter>Core\Game</Filter>
    </ClCompile>
    <ClCompile Include="src\Core\Graphics\Material.cpp">
      <Filter>Core\Graphics</Filter>
    </ClCompile>
    <ClCompile Include="src\Core\Graphics\Mesh.cpp">
      <Filter>Core\Graphics</Filter>
    </ClCompile>
    <ClCompile Include="src\Core\Graphics\MeshRenderer.cpp">
      <Filter>Core\Graphics</Filter>
    </ClCompile>
    <ClCompile Include="src\Core\Graphics\Renderer.cpp">
      <Filter>Core\Graphics</Filter>
    </ClCompile>
    <ClCompile Include="src\Core\Math\mat4.cpp">
      <Filter>Core\Math</Filter>
    </ClCompile>
    <ClCompile Include="src\Core\Math\vec3.cpp">
      <Filter>Core\Math</Filter>
    </ClCompile>
    <ClCompile Include="src\Core\Math\vec4.cpp">
      <Filter>Core\Math</Filter>
    </ClCompile>
    <ClCompile Include="src\Core\Platform\Graphics\DirectX11\DX11Graphics.cpp">
      <Filter>Core\Platform\Graphics\DirectX11</Filter>
    </ClCompile>
    <ClCompile Include="src\Core\Platform\Graphics\DirectX11\DX11Handles.cpp">
      <Filter>Core\Platform\Graphics\DirectX11</Filter>
    </ClCompile>
    <ClCompile Include="src\Core\Platform\Graphics\IGraphics.cpp">
      <Filter>Core\Platform\Graphics</Filter>
    </ClCompile>
    <ClCompile Include="src\Core\Platform\Graphics\InputLayout.cpp">
      <Filter>Core\Platform\Graphics</Filter>
    </ClCompile>
    <ClCompile Include="src\Core\Platform\Graphics\OpenGL\GLGraphics.cpp">
      <Filter>Core\Platform\Graphics\OpenGL</Filter>
    </ClCompile>
    <ClCompile Include="src\Core\Platform\Graphics\OpenGL\GLHandles.cpp">
      <Filter>Core\Platform\Graphics\OpenGL</Filter>
    </ClCompile>
    <ClCompile Include="src\Core\Platform\Window\Window.cpp">
      <Filter>Core\Platform\Window</Filter>
    </ClCompile>
    <ClCompile Include="src\Core\Platform\Window\Windows\WinWindow.cpp">
      <Filter>Core\Platform\Window\Windows</Filter>
    </ClCompile>
    <ClCompile Include="src\Core\Resources\ResourceId.cpp">
      <Filter>Core\Resources</Filter>
    </ClCompile>
    <ClCompile Include="src\Core\Resources\ResourceManager.cpp">
      <Filter>Core\Resources</Filter>
    </ClCompile>
    <ClCompile Include="src\Core\Resources\Types\MaterialResource.cpp">
      <Filter>Core\Resources\Types</Filter>
    </ClCompile>
    <ClCompile Include="src\Core\Resources\Types\MeshResource.cpp">
      <Filter>Core\Resources\Types</Filter>
    </ClCompile>
    <ClCompile Include="src\Core\Resources\Types\ShaderResource.cpp">
      <Filter>Core\Resources\Types</Filter>
    </ClCompile>
    <ClCompile Include="src\Core\Resources\Types\TextureResource.cpp">
      <Filter>Core\Resources\Types</Filter>
    </ClCompile>
    <ClCompile Include="src\Core\System\PoolAllocator.cpp">
      <Filter>Core\System</Filter>
    </ClCompile>
    <ClCompile Include="src\Core\System\StackAllocator.cpp">
      <Filter>Core\System</Filter>
    </ClCompile>
    <ClCompile Include="src\Vendor\imgui\imgui.cpp">
      <Filter>Vendor\imgui</Filter>
    </ClCompile>
    <ClCompile Include="src\Vendor\imgui\imgui_demo.cpp">
      <Filter>Vendor\imgui</Filter>
    </ClCompile>
    <ClCompile Include="src\Vendor\imgui\imgui_draw.cpp">
      <Filter>Vendor\imgui</Filter>
    </ClCompile>
    <ClCompile Include="src\Vendor\imgui\imgui_impl_dx11.cpp">
      <Filter>Vendor\imgui</Filter>
    </ClCompile>
    <ClCompile Include="src\Vendor\imgui\imgui_impl_opengl3.cpp">
      <Filter>Vendor\imgui</Filter>
    </ClCompile>
    <ClCompile Include="src\Vendor\imgui\imgui_impl_win32.cpp">
      <Filter>Vendor\imgui</Filter>
    </ClCompile>
    <ClCompile Include="src\Vendor\imgui\imgui_widgets.cpp">
      <Filter>Vendor\imgui</Filter>
    </ClCompile>
  </ItemGroup>
</Project>